
Microsoft Visual Studio Solution File, Format Version 12.00
# Visual Studio Version 17
VisualStudioVersion = 17.3.32819.101
MinimumVisualStudioVersion = 10.0.40219.1
Project("{FAE04EC0-301F-11D3-BF4B-00C04F79EFBC}") = "EmployeeManagement.PresentationLayer", "EmployeeManagement.PresentationLayer\EmployeeManagement.PresentationLayer.csproj", "{7F6490D8-5209-4F01-A7AF-968BB372022E}"
EndProject
Project("{FAE04EC0-301F-11D3-BF4B-00C04F79EFBC}") = "EmployeeManagement.BusinessLogic", "EmployeeManagement.BusinessLogic\EmployeeManagement.BusinessLogic.csproj", "{019346ED-4A85-4B14-BC98-B97A4CF8F97A}"
EndProject
Project("{FAE04EC0-301F-11D3-BF4B-00C04F79EFBC}") = "EmployeeManagement.DataAccess", "EmployeeManagement.DataAccess\EmployeeManagement.DataAccess.csproj", "{B87AD60A-AF5A-4808-80EE-DB69B1EE0A5E}"
EndProject
Project("{FAE04EC0-301F-11D3-BF4B-00C04F79EFBC}") = "EmployeeManagement.CustomExceptions", "CustomExceptions\EmployeeManagement.CustomExceptions.csproj", "{3089E51C-99BF-4796-ABC9-A383551DF3FB}"
EndProject
Project("{FAE04EC0-301F-11D3-BF4B-00C04F79EFBC}") = "EmployeeManagement.Entities", "Entities\EmployeeManagement.Entities.csproj", "{50ABC1FF-A539-4AA1-8C27-782C653366BD}"
EndProject
Global
	GlobalSection(SolutionConfigurationPlatforms) = preSolution
		Debug|Any CPU = Debug|Any CPU
		Release|Any CPU = Release|Any CPU
	EndGlobalSection
	GlobalSection(ProjectConfigurationPlatforms) = postSolution
		{7F6490D8-5209-4F01-A7AF-968BB372022E}.Debug|Any CPU.ActiveCfg = Debug|Any CPU
		{7F6490D8-5209-4F01-A7AF-968BB372022E}.Debug|Any CPU.Build.0 = Debug|Any CPU
		{7F6490D8-5209-4F01-A7AF-968BB372022E}.Release|Any CPU.ActiveCfg = Release|Any CPU
		{7F6490D8-5209-4F01-A7AF-968BB372022E}.Release|Any CPU.Build.0 = Release|Any CPU
		{019346ED-4A85-4B14-BC98-B97A4CF8F97A}.Debug|Any CPU.ActiveCfg = Debug|Any CPU
		{019346ED-4A85-4B14-BC98-B97A4CF8F97A}.Debug|Any CPU.Build.0 = Debug|Any CPU
		{019346ED-4A85-4B14-BC98-B97A4CF8F97A}.Release|Any CPU.ActiveCfg = Release|Any CPU
		{019346ED-4A85-4B14-BC98-B97A4CF8F97A}.Release|Any CPU.Build.0 = Release|Any CPU
		{B87AD60A-AF5A-4808-80EE-DB69B1EE0A5E}.Debug|Any CPU.ActiveCfg = Debug|Any CPU
		{B87AD60A-AF5A-4808-80EE-DB69B1EE0A5E}.Debug|Any CPU.Build.0 = Debug|Any CPU
		{B87AD60A-AF5A-4808-80EE-DB69B1EE0A5E}.Release|Any CPU.ActiveCfg = Release|Any CPU
		{B87AD60A-AF5A-4808-80EE-DB69B1EE0A5E}.Release|Any CPU.Build.0 = Release|Any CPU
		{3089E51C-99BF-4796-ABC9-A383551DF3FB}.Debug|Any CPU.ActiveCfg = Debug|Any CPU
		{3089E51C-99BF-4796-ABC9-A383551DF3FB}.Debug|Any CPU.Build.0 = Debug|Any CPU
		{3089E51C-99BF-4796-ABC9-A383551DF3FB}.Release|Any CPU.ActiveCfg = Release|Any CPU
		{3089E51C-99BF-4796-ABC9-A383551DF3FB}.Release|Any CPU.Build.0 = Release|Any CPU
		{50ABC1FF-A539-4AA1-8C27-782C653366BD}.Debug|Any CPU.ActiveCfg = Debug|Any CPU
		{50ABC1FF-A539-4AA1-8C27-782C653366BD}.Debug|Any CPU.Build.0 = Debug|Any CPU
		{50ABC1FF-A539-4AA1-8C27-782C653366BD}.Release|Any CPU.ActiveCfg = Release|Any CPU
		{50ABC1FF-A539-4AA1-8C27-782C653366BD}.Release|Any CPU.Build.0 = Release|Any CPU
	EndGlobalSection
	GlobalSection(SolutionProperties) = preSolution
		HideSolutionNode = FALSE
	EndGlobalSection
	GlobalSection(ExtensibilityGlobals) = postSolution
		SolutionGuid = {D81C4909-CB1D-449F-BD4B-A1EBE1F3CEC3}
	EndGlobalSection
EndGlobal
